
Microsoft Visual Studio Solution File, Format Version 12.00
# Visual Studio 15
Project("{FAE04EC0-301F-11D3-BF4B-00C04F79EFBC}") = "TipCalc.Core", "TipCalc\TipCalc.Core.csproj", "{52F27B26-A1CD-4DF4-88C8-1074E0BBB5EE}"
EndProject
Project("{FAE04EC0-301F-11D3-BF4B-00C04F79EFBC}") = "TipCalc.Droid", "TipCalc.Droid\TipCalc.Droid.csproj", "{1EA21485-B02B-4AFA-A3A3-B56F5F058594}"
EndProject
Global
	GlobalSection(SolutionConfigurationPlatforms) = preSolution
		Debug|Any CPU = Debug|Any CPU
		Release|Any CPU = Release|Any CPU
		Debug|iPhoneSimulator = Debug|iPhoneSimulator
		Release|iPhoneSimulator = Release|iPhoneSimulator
		Debug|iPhone = Debug|iPhone
		Release|iPhone = Release|iPhone
		Ad-Hoc|iPhone = Ad-Hoc|iPhone
		AppStore|iPhone = AppStore|iPhone
	EndGlobalSection
	GlobalSection(ProjectConfigurationPlatforms) = postSolution
		{52F27B26-A1CD-4DF4-88C8-1074E0BBB5EE}.Debug|Any CPU.ActiveCfg = Debug|Any CPU
		{52F27B26-A1CD-4DF4-88C8-1074E0BBB5EE}.Debug|Any CPU.Build.0 = Debug|Any CPU
		{52F27B26-A1CD-4DF4-88C8-1074E0BBB5EE}.Release|Any CPU.ActiveCfg = Release|Any CPU
		{52F27B26-A1CD-4DF4-88C8-1074E0BBB5EE}.Release|Any CPU.Build.0 = Release|Any CPU
		{52F27B26-A1CD-4DF4-88C8-1074E0BBB5EE}.Debug|iPhoneSimulator.ActiveCfg = Debug|Any CPU
		{52F27B26-A1CD-4DF4-88C8-1074E0BBB5EE}.Debug|iPhoneSimulator.Build.0 = Debug|Any CPU
		{52F27B26-A1CD-4DF4-88C8-1074E0BBB5EE}.Release|iPhoneSimulator.ActiveCfg = Release|Any CPU
		{52F27B26-A1CD-4DF4-88C8-1074E0BBB5EE}.Release|iPhoneSimulator.Build.0 = Release|Any CPU
		{52F27B26-A1CD-4DF4-88C8-1074E0BBB5EE}.Debug|iPhone.ActiveCfg = Debug|Any CPU
		{52F27B26-A1CD-4DF4-88C8-1074E0BBB5EE}.Debug|iPhone.Build.0 = Debug|Any CPU
		{52F27B26-A1CD-4DF4-88C8-1074E0BBB5EE}.Release|iPhone.ActiveCfg = Release|Any CPU
		{52F27B26-A1CD-4DF4-88C8-1074E0BBB5EE}.Release|iPhone.Build.0 = Release|Any CPU
		{52F27B26-A1CD-4DF4-88C8-1074E0BBB5EE}.Ad-Hoc|iPhone.ActiveCfg = Debug|Any CPU
		{52F27B26-A1CD-4DF4-88C8-1074E0BBB5EE}.Ad-Hoc|iPhone.Build.0 = Debug|Any CPU
		{52F27B26-A1CD-4DF4-88C8-1074E0BBB5EE}.AppStore|iPhone.ActiveCfg = Debug|Any CPU
		{52F27B26-A1CD-4DF4-88C8-1074E0BBB5EE}.AppStore|iPhone.Build.0 = Debug|Any CPU
		{1EA21485-B02B-4AFA-A3A3-B56F5F058594}.Debug|Any CPU.ActiveCfg = Debug|Any CPU
		{1EA21485-B02B-4AFA-A3A3-B56F5F058594}.Debug|Any CPU.Build.0 = Debug|Any CPU
		{1EA21485-B02B-4AFA-A3A3-B56F5F058594}.Release|Any CPU.ActiveCfg = Release|Any CPU
		{1EA21485-B02B-4AFA-A3A3-B56F5F058594}.Release|Any CPU.Build.0 = Release|Any CPU
		{1EA21485-B02B-4AFA-A3A3-B56F5F058594}.Debug|iPhoneSimulator.ActiveCfg = Debug|Any CPU
		{1EA21485-B02B-4AFA-A3A3-B56F5F058594}.Debug|iPhoneSimulator.Build.0 = Debug|Any CPU
		{1EA21485-B02B-4AFA-A3A3-B56F5F058594}.Release|iPhoneSimulator.ActiveCfg = Release|Any CPU
		{1EA21485-B02B-4AFA-A3A3-B56F5F058594}.Release|iPhoneSimulator.Build.0 = Release|Any CPU
		{1EA21485-B02B-4AFA-A3A3-B56F5F058594}.Debug|iPhone.ActiveCfg = Debug|Any CPU
		{1EA21485-B02B-4AFA-A3A3-B56F5F058594}.Debug|iPhone.Build.0 = Debug|Any CPU
		{1EA21485-B02B-4AFA-A3A3-B56F5F058594}.Release|iPhone.ActiveCfg = Release|Any CPU
		{1EA21485-B02B-4AFA-A3A3-B56F5F058594}.Release|iPhone.Build.0 = Release|Any CPU
		{1EA21485-B02B-4AFA-A3A3-B56F5F058594}.Ad-Hoc|iPhone.ActiveCfg = Debug|Any CPU
		{1EA21485-B02B-4AFA-A3A3-B56F5F058594}.Ad-Hoc|iPhone.Build.0 = Debug|Any CPU
		{1EA21485-B02B-4AFA-A3A3-B56F5F058594}.AppStore|iPhone.ActiveCfg = Debug|Any CPU
		{1EA21485-B02B-4AFA-A3A3-B56F5F058594}.AppStore|iPhone.Build.0 = Debug|Any CPU
	EndGlobalSection
EndGlobal
